{
  "name": "@jaisocx/css-clean-start-2",
  "version": "1.2.9",
  "lockfileVersion": 3,
  "requires": true,
  "packages": {
    "": {
      "name": "@jaisocx/css-clean-start-2",
      "version": "1.2.9",
      "devDependencies": {
        "@jaisocx/responsive-sizes": "~1.3.4"
      },
      "optionalDependencies": {
        "@jaisocx/media_tools_fonts_base": "~1.0.9"
      }
    },
    "node_modules/@jaisocx/css_clean_start_lite": {
      "version": "1.0.3",
      "resolved": "https://registry.npmjs.org/@jaisocx/css_clean_start_lite/-/css_clean_start_lite-1.0.3.tgz",
      "integrity": "sha512-GZnJstQR+qZEzhBTl5zOfMjo1+WWDpfuwHekIB7ClxJPjrUqIPYe30tRcZ4BHP7NEWguJuJUChQ/JqDojn4g+Q==",
      "optional": true
    },
    "node_modules/@jaisocx/css-clean-start-2": {
      "version": "1.2.9",
      "resolved": "https://registry.npmjs.org/@jaisocx/css-clean-start-2/-/css-clean-start-2-1.2.9.tgz",
      "integrity": "sha512-FBY7s9IG8a/xP6Ht4PpRVtFwgfjGLojJbwKp/YNtzyKURC/ZEk8Vu+1RCKd0tASfIogOvQEqi6gnCt9+OKuKKg==",
      "dev": true,
      "optional": true,
      "optionalDependencies": {
        "@jaisocx/media_tools_fonts_base": "~1.0.9"
      }
    },
    "node_modules/@jaisocx/media_tools_fonts_base": {
      "version": "1.0.9",
      "resolved": "https://registry.npmjs.org/@jaisocx/media_tools_fonts_base/-/media_tools_fonts_base-1.0.9.tgz",
      "integrity": "sha512-GtSPPBAUoRuvzcn8ZwV86s7nyU29TH4vBYqhbYFmjJfv/q0K85hgwDp8xZTDWtU48KweX3NhuFrxyXqo7y4uNg==",
      "optional": true,
      "optionalDependencies": {
        "@jaisocx/css_clean_start_lite": "~1.0.2"
      }
    },
    "node_modules/@jaisocx/responsive-sizes": {
      "version": "1.3.6",
      "resolved": "https://registry.npmjs.org/@jaisocx/responsive-sizes/-/responsive-sizes-1.3.6.tgz",
      "integrity": "sha512-abHw0cqzItlFxeeeDXveSGfAfJst6ertGKNobmT2gYbf+/gox+oqAcYdtiT08iImN998j8fSxzc0GFmLU6UsNg==",
      "dev": true,
      "optionalDependencies": {
        "@jaisocx/css-clean-start-2": "~1.2.9"
      }
    }
  }
}
