{
  "name": "@jaisocx/preloader",
  "version": "2.3.2",
  "lockfileVersion": 3,
  "requires": true,
  "packages": {
    "": {
      "name": "@jaisocx/preloader",
      "version": "2.3.2",
      "optionalDependencies": {
        "@jaisocx/css-clean-start-2": "~1.2.9",
        "@jaisocx/mime-type": "~1.0.7",
        "@jaisocx/template-renderer": "~1.6.1",
        "@jaisocx/text": "~2.2.2"
      }
    },
    "node_modules/@jaisocx/css_clean_start_lite": {
      "version": "1.0.3",
      "resolved": "https://registry.npmjs.org/@jaisocx/css_clean_start_lite/-/css_clean_start_lite-1.0.3.tgz",
      "integrity": "sha512-GZnJstQR+qZEzhBTl5zOfMjo1+WWDpfuwHekIB7ClxJPjrUqIPYe30tRcZ4BHP7NEWguJuJUChQ/JqDojn4g+Q==",
      "optional": true
    },
    "node_modules/@jaisocx/css-clean-start-2": {
      "version": "1.2.9",
      "resolved": "https://registry.npmjs.org/@jaisocx/css-clean-start-2/-/css-clean-start-2-1.2.9.tgz",
      "integrity": "sha512-FBY7s9IG8a/xP6Ht4PpRVtFwgfjGLojJbwKp/YNtzyKURC/ZEk8Vu+1RCKd0tASfIogOvQEqi6gnCt9+OKuKKg==",
      "optional": true,
      "optionalDependencies": {
        "@jaisocx/media_tools_fonts_base": "~1.0.9"
      }
    },
    "node_modules/@jaisocx/event-emitter": {
      "version": "1.4.3",
      "resolved": "https://registry.npmjs.org/@jaisocx/event-emitter/-/event-emitter-1.4.3.tgz",
      "integrity": "sha512-jASz6RieXbhOF8Ldl0TB5J/hUX4IQwomTHgnGpVdWmK6D3qjuI7/IBosBkrOAiZhxsbyUmf8e3ydWCnoSv9j1w==",
      "optional": true
    },
    "node_modules/@jaisocx/media_tools_fonts_base": {
      "version": "1.0.9",
      "resolved": "https://registry.npmjs.org/@jaisocx/media_tools_fonts_base/-/media_tools_fonts_base-1.0.9.tgz",
      "integrity": "sha512-GtSPPBAUoRuvzcn8ZwV86s7nyU29TH4vBYqhbYFmjJfv/q0K85hgwDp8xZTDWtU48KweX3NhuFrxyXqo7y4uNg==",
      "optional": true,
      "optionalDependencies": {
        "@jaisocx/css_clean_start_lite": "~1.0.2"
      }
    },
    "node_modules/@jaisocx/mime-type": {
      "version": "1.0.7",
      "resolved": "https://registry.npmjs.org/@jaisocx/mime-type/-/mime-type-1.0.7.tgz",
      "integrity": "sha512-ENbWyygeGduecldRLoe21e8iMtdqU1iqGe2lnTItu5n68zTlLkA7ofTR8rwmP/mhTsm5hrdAM7Lbv24jmkMO6A==",
      "optional": true
    },
    "node_modules/@jaisocx/template-renderer": {
      "version": "1.6.2",
      "resolved": "https://registry.npmjs.org/@jaisocx/template-renderer/-/template-renderer-1.6.2.tgz",
      "integrity": "sha512-31zs0w7Vagz144HRB+mRKISf6UrA9VgxCJNye9UdOG/YGw6VPgKd0Q1KiXkGeFKpe/OV/27dBsyJpuxn7WIcaQ==",
      "optional": true,
      "optionalDependencies": {
        "@jaisocx/event-emitter": "^1.4.3",
        "@jaisocx/tokens-parser": "^1.2.2"
      }
    },
    "node_modules/@jaisocx/text": {
      "version": "2.2.2",
      "resolved": "https://registry.npmjs.org/@jaisocx/text/-/text-2.2.2.tgz",
      "integrity": "sha512-Xqf7OuieBRli3JVmCf1lPEOpt60dnpBStMxnv7ea9NCOjOlA+/Kfyq8yReMQT0Eof7oZcZLo8+EPcN04l00XbA==",
      "optional": true
    },
    "node_modules/@jaisocx/tokens-parser": {
      "version": "1.2.2",
      "resolved": "https://registry.npmjs.org/@jaisocx/tokens-parser/-/tokens-parser-1.2.2.tgz",
      "integrity": "sha512-uBgE4HqDdvTv910j0zzr8cW/HMumpqhrtQsa1S0ZO7+2NjS6rtUCTsDcIajrxWnKZiDD1dBCmsNsuHjGRiTE8Q==",
      "optional": true
    }
  }
}
