{
  "name": "@jaisocx/css-table-ordered",
  "version": "2.3.2",
  "lockfileVersion": 3,
  "requires": true,
  "packages": {
    "": {
      "name": "@jaisocx/css-table-ordered",
      "version": "2.3.2",
      "optionalDependencies": {
        "@jaisocx/css-clean-start-2": "~1.2.5",
        "@jaisocx/css-table": "~3.4.2",
        "@jaisocx/media_tools_images_mini_mimetypes_base": "~1.0.4"
      }
    },
    "../../css_tools/css_flat/CssTable": {
      "name": "@jaisocx/css-table",
      "version": "3.4.3",
      "optional": true,
      "optionalDependencies": {
        "@jaisocx/css-clean-start-2": "~1.2.5",
        "@jaisocx/media_tools_images_mini_mimetypes_base": "~1.0.4"
      }
    },
    "../../css_tools/css_flat/CssTable/node_modules/@jaisocx/css-clean-start-2": {
      "version": "1.2.5",
      "optional": true,
      "optionalDependencies": {
        "@jaisocx/media_tools_fonts_base": "~1.0.5",
        "@jaisocx/responsive-sizes": "~1.3.4"
      }
    },
    "../../css_tools/css_flat/CssTable/node_modules/@jaisocx/media_tools_fonts_base": {
      "version": "1.0.5",
      "optional": true,
      "optionalDependencies": {
        "@jaisocx/css-clean-start-2": "~1.1.10"
      }
    },
    "../../css_tools/css_flat/CssTable/node_modules/@jaisocx/media_tools_fonts_base/node_modules/@jaisocx/css-clean-start-2": {
      "version": "1.1.10",
      "optional": true,
      "optionalDependencies": {
        "@jaisocx/responsive-sizes": "~1.3.1"
      }
    },
    "../../css_tools/css_flat/CssTable/node_modules/@jaisocx/media_tools_images_mini_mimetypes_base": {
      "version": "1.0.4",
      "optional": true,
      "optionalDependencies": {
        "@jaisocx/css-clean-start-2": "~1.1.10"
      },
      "peerDependencies": {
        "sass": "^1.89.2"
      }
    },
    "../../css_tools/css_flat/CssTable/node_modules/@jaisocx/media_tools_images_mini_mimetypes_base/node_modules/@jaisocx/css-clean-start-2": {
      "version": "1.1.10",
      "optional": true,
      "optionalDependencies": {
        "@jaisocx/responsive-sizes": "~1.3.1"
      }
    },
    "../../css_tools/css_flat/CssTable/node_modules/@jaisocx/responsive-sizes": {
      "version": "1.3.5",
      "optional": true,
      "optionalDependencies": {
        "@jaisocx/css-clean-start-2": "~1.2.4"
      }
    },
    "node_modules/@jaisocx/css-clean-start-2": {
      "version": "1.2.5",
      "optional": true,
      "optionalDependencies": {
        "@jaisocx/media_tools_fonts_base": "~1.0.5",
        "@jaisocx/responsive-sizes": "~1.3.4"
      }
    },
    "node_modules/@jaisocx/css-table": {
      "resolved": "../../css_tools/css_flat/CssTable",
      "link": true
    },
    "node_modules/@jaisocx/media_tools_fonts_base": {
      "version": "1.0.5",
      "optional": true,
      "optionalDependencies": {
        "@jaisocx/css-clean-start-2": "~1.1.10"
      }
    },
    "node_modules/@jaisocx/media_tools_fonts_base/node_modules/@jaisocx/css-clean-start-2": {
      "version": "1.1.10",
      "optional": true,
      "optionalDependencies": {
        "@jaisocx/responsive-sizes": "~1.3.1"
      }
    },
    "node_modules/@jaisocx/media_tools_images_mini_mimetypes_base": {
      "version": "1.0.4",
      "optional": true,
      "optionalDependencies": {
        "@jaisocx/css-clean-start-2": "~1.1.10"
      },
      "peerDependencies": {
        "sass": "^1.89.2"
      }
    },
    "node_modules/@jaisocx/media_tools_images_mini_mimetypes_base/node_modules/@jaisocx/css-clean-start-2": {
      "version": "1.1.10",
      "optional": true,
      "optionalDependencies": {
        "@jaisocx/responsive-sizes": "~1.3.1"
      }
    },
    "node_modules/@jaisocx/responsive-sizes": {
      "version": "1.3.5",
      "optional": true,
      "optionalDependencies": {
        "@jaisocx/css-clean-start-2": "~1.2.4"
      }
    },
    "node_modules/@parcel/watcher": {
      "version": "2.5.1",
      "hasInstallScript": true,
      "license": "MIT",
      "optional": true,
      "dependencies": {
        "detect-libc": "^1.0.3",
        "is-glob": "^4.0.3",
        "micromatch": "^4.0.5",
        "node-addon-api": "^7.0.0"
      },
      "engines": {
        "node": ">= 10.0.0"
      },
      "funding": {
        "type": "opencollective",
        "url": "https://opencollective.com/parcel"
      },
      "optionalDependencies": {
        "@parcel/watcher-android-arm64": "2.5.1",
        "@parcel/watcher-darwin-arm64": "2.5.1",
        "@parcel/watcher-darwin-x64": "2.5.1",
        "@parcel/watcher-freebsd-x64": "2.5.1",
        "@parcel/watcher-linux-arm-glibc": "2.5.1",
        "@parcel/watcher-linux-arm-musl": "2.5.1",
        "@parcel/watcher-linux-arm64-glibc": "2.5.1",
        "@parcel/watcher-linux-arm64-musl": "2.5.1",
        "@parcel/watcher-linux-x64-glibc": "2.5.1",
        "@parcel/watcher-linux-x64-musl": "2.5.1",
        "@parcel/watcher-win32-arm64": "2.5.1",
        "@parcel/watcher-win32-ia32": "2.5.1",
        "@parcel/watcher-win32-x64": "2.5.1"
      }
    },
    "node_modules/@parcel/watcher-linux-arm64-musl": {
      "version": "2.5.1",
      "cpu": [
        "arm64"
      ],
      "license": "MIT",
      "optional": true,
      "os": [
        "linux"
      ],
      "engines": {
        "node": ">= 10.0.0"
      },
      "funding": {
        "type": "opencollective",
        "url": "https://opencollective.com/parcel"
      }
    },
    "node_modules/braces": {
      "version": "3.0.3",
      "license": "MIT",
      "optional": true,
      "dependencies": {
        "fill-range": "^7.1.1"
      },
      "engines": {
        "node": ">=8"
      }
    },
    "node_modules/chokidar": {
      "version": "4.0.3",
      "license": "MIT",
      "optional": true,
      "dependencies": {
        "readdirp": "^4.0.1"
      },
      "engines": {
        "node": ">= 14.16.0"
      },
      "funding": {
        "url": "https://paulmillr.com/funding/"
      }
    },
    "node_modules/detect-libc": {
      "version": "1.0.3",
      "license": "Apache-2.0",
      "optional": true,
      "bin": {
        "detect-libc": "bin/detect-libc.js"
      },
      "engines": {
        "node": ">=0.10"
      }
    },
    "node_modules/fill-range": {
      "version": "7.1.1",
      "license": "MIT",
      "optional": true,
      "dependencies": {
        "to-regex-range": "^5.0.1"
      },
      "engines": {
        "node": ">=8"
      }
    },
    "node_modules/immutable": {
      "version": "5.1.4",
      "license": "MIT",
      "optional": true
    },
    "node_modules/is-extglob": {
      "version": "2.1.1",
      "license": "MIT",
      "optional": true,
      "engines": {
        "node": ">=0.10.0"
      }
    },
    "node_modules/is-glob": {
      "version": "4.0.3",
      "license": "MIT",
      "optional": true,
      "dependencies": {
        "is-extglob": "^2.1.1"
      },
      "engines": {
        "node": ">=0.10.0"
      }
    },
    "node_modules/is-number": {
      "version": "7.0.0",
      "license": "MIT",
      "optional": true,
      "engines": {
        "node": ">=0.12.0"
      }
    },
    "node_modules/micromatch": {
      "version": "4.0.8",
      "license": "MIT",
      "optional": true,
      "dependencies": {
        "braces": "^3.0.3",
        "picomatch": "^2.3.1"
      },
      "engines": {
        "node": ">=8.6"
      }
    },
    "node_modules/node-addon-api": {
      "version": "7.1.1",
      "license": "MIT",
      "optional": true
    },
    "node_modules/picomatch": {
      "version": "2.3.1",
      "license": "MIT",
      "optional": true,
      "engines": {
        "node": ">=8.6"
      },
      "funding": {
        "url": "https://github.com/sponsors/jonschlinkert"
      }
    },
    "node_modules/readdirp": {
      "version": "4.1.2",
      "license": "MIT",
      "optional": true,
      "engines": {
        "node": ">= 14.18.0"
      },
      "funding": {
        "type": "individual",
        "url": "https://paulmillr.com/funding/"
      }
    },
    "node_modules/source-map-js": {
      "version": "1.2.1",
      "license": "BSD-3-Clause",
      "optional": true,
      "engines": {
        "node": ">=0.10.0"
      }
    },
    "node_modules/to-regex-range": {
      "version": "5.0.1",
      "license": "MIT",
      "optional": true,
      "dependencies": {
        "is-number": "^7.0.0"
      },
      "engines": {
        "node": ">=8.0"
      }
    }
  }
}
