{
  "name": "@jaisocx/css-table",
  "version": "3.5.91",
  "lockfileVersion": 3,
  "requires": true,
  "packages": {
    "": {
      "name": "@jaisocx/css-table",
      "version": "3.5.91",
      "dependencies": {
        "@jaisocx/css-table": "^3.5.91"
      },
      "optionalDependencies": {
        "@jaisocx/css_clean_start_lite": "~1.0.3",
        "@jaisocx/media_tools_images_mini_mimetypes_base": "~1.2.2"
      }
    },
    "node_modules/@jaisocx/css_clean_start_lite": {
      "version": "1.0.3",
      "resolved": "https://registry.npmjs.org/@jaisocx/css_clean_start_lite/-/css_clean_start_lite-1.0.3.tgz",
      "integrity": "sha512-GZnJstQR+qZEzhBTl5zOfMjo1+WWDpfuwHekIB7ClxJPjrUqIPYe30tRcZ4BHP7NEWguJuJUChQ/JqDojn4g+Q==",
      "optional": true
    },
    "node_modules/@jaisocx/css-table": {
      "version": "3.5.91",
      "resolved": "https://registry.npmjs.org/@jaisocx/css-table/-/css-table-3.5.91.tgz",
      "integrity": "sha512-kY0CMS2zR5XP94mOCFDJwWoC57fAdyYQDYj5ve8upCtY/tm78RDo7c5bEuzqH6Z5OHOtKJkYlBfzsKzqUlKeFw==",
      "optionalDependencies": {
        "@jaisocx/css_clean_start_lite": "~1.0.3",
        "@jaisocx/media_tools_images_mini_mimetypes_base": "~1.2.2"
      }
    },
    "node_modules/@jaisocx/media_tools_images_mini_mimetypes_base": {
      "version": "1.2.2",
      "resolved": "https://registry.npmjs.org/@jaisocx/media_tools_images_mini_mimetypes_base/-/media_tools_images_mini_mimetypes_base-1.2.2.tgz",
      "integrity": "sha512-99mc4JZRn2jDAJEZ59MemCPQwqN8RQlV2PygiYpiVBEJCi8fdX1HbRcmbCplgX97a5gpBUFwDtbjQO1p8pZHjw==",
      "optional": true,
      "optionalDependencies": {
        "@jaisocx/css_clean_start_lite": "~1.0.3"
      }
    }
  }
}
