{
  "name": "@jaisocx/css-table",
  "version": "3.5.4",
  "lockfileVersion": 3,
  "requires": true,
  "packages": {
    "": {
      "name": "@jaisocx/css-table",
      "version": "3.5.4",
      "optionalDependencies": {
        "@jaisocx/css_clean_start_lite": "~1.0.2",
        "@jaisocx/media_tools_images_mini_mimetypes_base": "~1.0.7"
      }
    },
    "node_modules/@jaisocx/css_clean_start_lite": {
      "version": "1.0.2",
      "resolved": "https://registry.npmjs.org/@jaisocx/css_clean_start_lite/-/css_clean_start_lite-1.0.2.tgz",
      "integrity": "sha512-D2m2P6S7a2c5xwU8iQGzOGDjXzApJbLKgDlzFtGGxgezzBET5yyelTEEKQMIYA4zzF5up+3eMZgfUP4rTwpsPA==",
      "optional": true
    },
    "node_modules/@jaisocx/media_tools_images_mini_mimetypes_base": {
      "version": "1.0.7",
      "resolved": "https://registry.npmjs.org/@jaisocx/media_tools_images_mini_mimetypes_base/-/media_tools_images_mini_mimetypes_base-1.0.7.tgz",
      "integrity": "sha512-kd7xKv4E+YLCidwTAogEtLK2OvcXYNuw8hTrU6uSpikJsrCGDPCm9Y6N5Rtm5Qp+RJmiVO4QBgn9aLhMZchr8w==",
      "optional": true,
      "optionalDependencies": {
        "@jaisocx/css_clean_start_lite": "~1.0.2"
      }
    }
  }
}
