{
  "name": "@jaisocx/media_tools_fonts_orbitron",
  "version": "1.0.9",
  "lockfileVersion": 3,
  "requires": true,
  "packages": {
    "": {
      "name": "@jaisocx/media_tools_fonts_orbitron",
      "version": "1.0.9",
      "optionalDependencies": {
        "@jaisocx/css_clean_start_lite": "~1.0.2"
      }
    },
    "node_modules/@jaisocx/css_clean_start_lite": {
      "version": "1.0.2",
      "resolved": "https://registry.npmjs.org/@jaisocx/css_clean_start_lite/-/css_clean_start_lite-1.0.2.tgz",
      "integrity": "sha512-D2m2P6S7a2c5xwU8iQGzOGDjXzApJbLKgDlzFtGGxgezzBET5yyelTEEKQMIYA4zzF5up+3eMZgfUP4rTwpsPA==",
      "optional": true
    }
  }
}
