{
  "name": "@jaisocx/media_tools_fonts_orbitron",
  "version": "1.2.2",
  "lockfileVersion": 3,
  "requires": true,
  "packages": {
    "": {
      "name": "@jaisocx/media_tools_fonts_orbitron",
      "version": "1.2.2",
      "optionalDependencies": {
        "@jaisocx/css_clean_start_lite": "~1.0.3"
      }
    },
    "node_modules/@jaisocx/css_clean_start_lite": {
      "version": "1.0.3",
      "resolved": "https://registry.npmjs.org/@jaisocx/css_clean_start_lite/-/css_clean_start_lite-1.0.3.tgz",
      "integrity": "sha512-GZnJstQR+qZEzhBTl5zOfMjo1+WWDpfuwHekIB7ClxJPjrUqIPYe30tRcZ4BHP7NEWguJuJUChQ/JqDojn4g+Q==",
      "optional": true
    }
  }
}
