{
  "name": "@jaisocx/tooltip",
  "version": "1.2.5",
  "lockfileVersion": 3,
  "requires": true,
  "packages": {
    "": {
      "name": "@jaisocx/tooltip",
      "version": "1.2.5",
      "license": "ISC",
      "optionalDependencies": {
        "@jaisocx/event-emitter": "^1.4.2",
        "@jaisocx/template-renderer": "^1.5.8"
      }
    },
    "node_modules/@jaisocx/event-emitter": {
      "version": "1.4.3",
      "resolved": "https://registry.npmjs.org/@jaisocx/event-emitter/-/event-emitter-1.4.3.tgz",
      "integrity": "sha512-jASz6RieXbhOF8Ldl0TB5J/hUX4IQwomTHgnGpVdWmK6D3qjuI7/IBosBkrOAiZhxsbyUmf8e3ydWCnoSv9j1w==",
      "optional": true
    },
    "node_modules/@jaisocx/template-renderer": {
      "version": "1.6.2",
      "resolved": "https://registry.npmjs.org/@jaisocx/template-renderer/-/template-renderer-1.6.2.tgz",
      "integrity": "sha512-31zs0w7Vagz144HRB+mRKISf6UrA9VgxCJNye9UdOG/YGw6VPgKd0Q1KiXkGeFKpe/OV/27dBsyJpuxn7WIcaQ==",
      "optional": true,
      "optionalDependencies": {
        "@jaisocx/event-emitter": "^1.4.3",
        "@jaisocx/tokens-parser": "^1.2.2"
      }
    },
    "node_modules/@jaisocx/tokens-parser": {
      "version": "1.2.2",
      "resolved": "https://registry.npmjs.org/@jaisocx/tokens-parser/-/tokens-parser-1.2.2.tgz",
      "integrity": "sha512-uBgE4HqDdvTv910j0zzr8cW/HMumpqhrtQsa1S0ZO7+2NjS6rtUCTsDcIajrxWnKZiDD1dBCmsNsuHjGRiTE8Q==",
      "optional": true
    }
  }
}
