{
  "name": "@jaisocx/file-writer",
  "version": "1.2.7",
  "lockfileVersion": 3,
  "requires": true,
  "packages": {
    "": {
      "name": "@jaisocx/file-writer",
      "version": "1.2.7",
      "optionalDependencies": {
        "@jaisocx/event-emitter": "^1.4.2"
      }
    },
    "node_modules/@jaisocx/event-emitter": {
      "version": "1.4.2",
      "resolved": "https://registry.npmjs.org/@jaisocx/event-emitter/-/event-emitter-1.4.2.tgz",
      "integrity": "sha512-Oz4E/T7yTm2UDpR1FAHPZxpeh/r6194dxQNbCP9y6yIIvrX+Vk9M7SSfHGz2qbDe7pjfebSIx0wqihYQD2rdqQ==",
      "license": "ISC",
      "optional": true
    }
  }
}
